
Microsoft Visual Studio Solution File, Format Version 12.00
# Visual Studio 15
VisualStudioVersion = 15.0.28010.2050
MinimumVisualStudioVersion = 10.0.40219.1
Project("{9A19103F-16F7-4668-BE54-9A1E7A4F7556}") = "CanchitaServices", "CanchitaServices\CanchitaServices.csproj", "{0BF16087-EBD9-4B32-90B6-C23981B3ED3C}"
EndProject
Project("{9A19103F-16F7-4668-BE54-9A1E7A4F7556}") = "Domain", "Domain\Domain.csproj", "{D1407FE7-D1E1-4493-8260-02355805E6C1}"
EndProject
Project("{9A19103F-16F7-4668-BE54-9A1E7A4F7556}") = "Application", "Application\Application.csproj", "{6A6FFBF3-2B29-4FA0-BB5D-6E42BE344F6E}"
EndProject
Project("{9A19103F-16F7-4668-BE54-9A1E7A4F7556}") = "Infraestructure", "Infraestructure\Infraestructure.csproj", "{8F0AC66F-FE58-4560-B8A2-C37065DC624C}"
EndProject
Project("{2150E333-8FDC-42A3-9474-1A3956D46DE8}") = "3.Infraestructure", "3.Infraestructure", "{0EF2913A-AA51-4D66-8788-AFB30BC80D07}"
EndProject
Project("{2150E333-8FDC-42A3-9474-1A3956D46DE8}") = "1.Application", "1.Application", "{732ED864-0966-4563-A03C-6B152C1A006F}"
EndProject
Project("{2150E333-8FDC-42A3-9474-1A3956D46DE8}") = "2.Domain", "2.Domain", "{5B554DA9-68E0-4B1C-AA9F-85800966B22C}"
EndProject
Project("{FAE04EC0-301F-11D3-BF4B-00C04F79EFBC}") = "Infraestructure.Transversal", "Infraestructure.Transversal\Infraestructure.Transversal.csproj", "{37B4494F-688C-4AEA-B547-2A547B3F170F}"
EndProject
Global
	GlobalSection(SolutionConfigurationPlatforms) = preSolution
		Debug|Any CPU = Debug|Any CPU
		Release|Any CPU = Release|Any CPU
	EndGlobalSection
	GlobalSection(ProjectConfigurationPlatforms) = postSolution
		{0BF16087-EBD9-4B32-90B6-C23981B3ED3C}.Debug|Any CPU.ActiveCfg = Debug|Any CPU
		{0BF16087-EBD9-4B32-90B6-C23981B3ED3C}.Debug|Any CPU.Build.0 = Debug|Any CPU
		{0BF16087-EBD9-4B32-90B6-C23981B3ED3C}.Release|Any CPU.ActiveCfg = Release|Any CPU
		{0BF16087-EBD9-4B32-90B6-C23981B3ED3C}.Release|Any CPU.Build.0 = Release|Any CPU
		{D1407FE7-D1E1-4493-8260-02355805E6C1}.Debug|Any CPU.ActiveCfg = Debug|Any CPU
		{D1407FE7-D1E1-4493-8260-02355805E6C1}.Debug|Any CPU.Build.0 = Debug|Any CPU
		{D1407FE7-D1E1-4493-8260-02355805E6C1}.Release|Any CPU.ActiveCfg = Release|Any CPU
		{D1407FE7-D1E1-4493-8260-02355805E6C1}.Release|Any CPU.Build.0 = Release|Any CPU
		{6A6FFBF3-2B29-4FA0-BB5D-6E42BE344F6E}.Debug|Any CPU.ActiveCfg = Debug|Any CPU
		{6A6FFBF3-2B29-4FA0-BB5D-6E42BE344F6E}.Debug|Any CPU.Build.0 = Debug|Any CPU
		{6A6FFBF3-2B29-4FA0-BB5D-6E42BE344F6E}.Release|Any CPU.ActiveCfg = Release|Any CPU
		{6A6FFBF3-2B29-4FA0-BB5D-6E42BE344F6E}.Release|Any CPU.Build.0 = Release|Any CPU
		{8F0AC66F-FE58-4560-B8A2-C37065DC624C}.Debug|Any CPU.ActiveCfg = Debug|Any CPU
		{8F0AC66F-FE58-4560-B8A2-C37065DC624C}.Debug|Any CPU.Build.0 = Debug|Any CPU
		{8F0AC66F-FE58-4560-B8A2-C37065DC624C}.Release|Any CPU.ActiveCfg = Release|Any CPU
		{8F0AC66F-FE58-4560-B8A2-C37065DC624C}.Release|Any CPU.Build.0 = Release|Any CPU
		{37B4494F-688C-4AEA-B547-2A547B3F170F}.Debug|Any CPU.ActiveCfg = Debug|Any CPU
		{37B4494F-688C-4AEA-B547-2A547B3F170F}.Debug|Any CPU.Build.0 = Debug|Any CPU
		{37B4494F-688C-4AEA-B547-2A547B3F170F}.Release|Any CPU.ActiveCfg = Release|Any CPU
		{37B4494F-688C-4AEA-B547-2A547B3F170F}.Release|Any CPU.Build.0 = Release|Any CPU
	EndGlobalSection
	GlobalSection(SolutionProperties) = preSolution
		HideSolutionNode = FALSE
	EndGlobalSection
	GlobalSection(NestedProjects) = preSolution
		{D1407FE7-D1E1-4493-8260-02355805E6C1} = {5B554DA9-68E0-4B1C-AA9F-85800966B22C}
		{6A6FFBF3-2B29-4FA0-BB5D-6E42BE344F6E} = {732ED864-0966-4563-A03C-6B152C1A006F}
		{8F0AC66F-FE58-4560-B8A2-C37065DC624C} = {0EF2913A-AA51-4D66-8788-AFB30BC80D07}
		{37B4494F-688C-4AEA-B547-2A547B3F170F} = {0EF2913A-AA51-4D66-8788-AFB30BC80D07}
	EndGlobalSection
	GlobalSection(ExtensibilityGlobals) = postSolution
		SolutionGuid = {1274B205-E7AE-4AC3-A1C8-646775EEA800}
	EndGlobalSection
EndGlobal
